
Microsoft Visual Studio Solution File, Format Version 12.00
# Visual Studio Version 17
VisualStudioVersion = 17.2.32616.157
MinimumVisualStudioVersion = 10.0.40219.1
Project("{FAE04EC0-301F-11D3-BF4B-00C04F79EFBC}") = "FNAF_Engine_Reborn", "FNAF_Engine_Reborn.csproj", "{ED0D87C9-3DE8-4F0D-9E2F-C76EB6962470}"
EndProject
Project("{9A19103F-16F7-4668-BE54-9A1E7A4F7556}") = "FNAF Engine Game", "..\FNAF Engine Reborn Game\FNAF Engine Game.csproj", "{EF3ABC1A-F8A7-4857-93C7-66DD269A2C06}"
EndProject
Project("{FAE04EC0-301F-11D3-BF4B-00C04F79EFBC}") = "FNAF Engine Compiler", "..\FNAF Engine Compiler\FNAF Engine Compiler.csproj", "{CF56CC89-7CF3-491B-8069-0D06D0079BC9}"
EndProject
Global
	GlobalSection(SolutionConfigurationPlatforms) = preSolution
		Debug|Any CPU = Debug|Any CPU
		Debug|x64 = Debug|x64
		Debug|x86 = Debug|x86
		Release|Any CPU = Release|Any CPU
		Release|x64 = Release|x64
		Release|x86 = Release|x86
	EndGlobalSection
	GlobalSection(ProjectConfigurationPlatforms) = postSolution
		{ED0D87C9-3DE8-4F0D-9E2F-C76EB6962470}.Debug|Any CPU.ActiveCfg = Debug|Any CPU
		{ED0D87C9-3DE8-4F0D-9E2F-C76EB6962470}.Debug|Any CPU.Build.0 = Debug|Any CPU
		{ED0D87C9-3DE8-4F0D-9E2F-C76EB6962470}.Debug|x64.ActiveCfg = Debug|x64
		{ED0D87C9-3DE8-4F0D-9E2F-C76EB6962470}.Debug|x64.Build.0 = Debug|x64
		{ED0D87C9-3DE8-4F0D-9E2F-C76EB6962470}.Debug|x86.ActiveCfg = Debug|x86
		{ED0D87C9-3DE8-4F0D-9E2F-C76EB6962470}.Debug|x86.Build.0 = Debug|x86
		{ED0D87C9-3DE8-4F0D-9E2F-C76EB6962470}.Release|Any CPU.ActiveCfg = Release|Any CPU
		{ED0D87C9-3DE8-4F0D-9E2F-C76EB6962470}.Release|Any CPU.Build.0 = Release|Any CPU
		{ED0D87C9-3DE8-4F0D-9E2F-C76EB6962470}.Release|x64.ActiveCfg = Release|x64
		{ED0D87C9-3DE8-4F0D-9E2F-C76EB6962470}.Release|x64.Build.0 = Release|x64
		{ED0D87C9-3DE8-4F0D-9E2F-C76EB6962470}.Release|x86.ActiveCfg = Release|x86
		{ED0D87C9-3DE8-4F0D-9E2F-C76EB6962470}.Release|x86.Build.0 = Release|x86
		{EF3ABC1A-F8A7-4857-93C7-66DD269A2C06}.Debug|Any CPU.ActiveCfg = Debug|Any CPU
		{EF3ABC1A-F8A7-4857-93C7-66DD269A2C06}.Debug|Any CPU.Build.0 = Debug|Any CPU
		{EF3ABC1A-F8A7-4857-93C7-66DD269A2C06}.Debug|x64.ActiveCfg = Debug|Any CPU
		{EF3ABC1A-F8A7-4857-93C7-66DD269A2C06}.Debug|x64.Build.0 = Debug|Any CPU
		{EF3ABC1A-F8A7-4857-93C7-66DD269A2C06}.Debug|x86.ActiveCfg = Debug|Any CPU
		{EF3ABC1A-F8A7-4857-93C7-66DD269A2C06}.Debug|x86.Build.0 = Debug|Any CPU
		{EF3ABC1A-F8A7-4857-93C7-66DD269A2C06}.Release|Any CPU.ActiveCfg = Release|Any CPU
		{EF3ABC1A-F8A7-4857-93C7-66DD269A2C06}.Release|Any CPU.Build.0 = Release|Any CPU
		{EF3ABC1A-F8A7-4857-93C7-66DD269A2C06}.Release|x64.ActiveCfg = Release|Any CPU
		{EF3ABC1A-F8A7-4857-93C7-66DD269A2C06}.Release|x64.Build.0 = Release|Any CPU
		{EF3ABC1A-F8A7-4857-93C7-66DD269A2C06}.Release|x86.ActiveCfg = Release|Any CPU
		{EF3ABC1A-F8A7-4857-93C7-66DD269A2C06}.Release|x86.Build.0 = Release|Any CPU
		{CF56CC89-7CF3-491B-8069-0D06D0079BC9}.Debug|Any CPU.ActiveCfg = Debug|Any CPU
		{CF56CC89-7CF3-491B-8069-0D06D0079BC9}.Debug|Any CPU.Build.0 = Debug|Any CPU
		{CF56CC89-7CF3-491B-8069-0D06D0079BC9}.Debug|x64.ActiveCfg = Debug|Any CPU
		{CF56CC89-7CF3-491B-8069-0D06D0079BC9}.Debug|x64.Build.0 = Debug|Any CPU
		{CF56CC89-7CF3-491B-8069-0D06D0079BC9}.Debug|x86.ActiveCfg = Debug|Any CPU
		{CF56CC89-7CF3-491B-8069-0D06D0079BC9}.Debug|x86.Build.0 = Debug|Any CPU
		{CF56CC89-7CF3-491B-8069-0D06D0079BC9}.Release|Any CPU.ActiveCfg = Release|Any CPU
		{CF56CC89-7CF3-491B-8069-0D06D0079BC9}.Release|Any CPU.Build.0 = Release|Any CPU
		{CF56CC89-7CF3-491B-8069-0D06D0079BC9}.Release|x64.ActiveCfg = Release|Any CPU
		{CF56CC89-7CF3-491B-8069-0D06D0079BC9}.Release|x64.Build.0 = Release|Any CPU
		{CF56CC89-7CF3-491B-8069-0D06D0079BC9}.Release|x86.ActiveCfg = Release|Any CPU
		{CF56CC89-7CF3-491B-8069-0D06D0079BC9}.Release|x86.Build.0 = Release|Any CPU
	EndGlobalSection
	GlobalSection(SolutionProperties) = preSolution
		HideSolutionNode = FALSE
	EndGlobalSection
	GlobalSection(ExtensibilityGlobals) = postSolution
		SolutionGuid = {8E793EF9-FE92-4B39-BEFC-179B600A88F7}
	EndGlobalSection
EndGlobal
